
Microsoft Visual Studio Solution File, Format Version 12.00
# Visual Studio Version 17
VisualStudioVersion = 17.13.35919.96 d17.13
MinimumVisualStudioVersion = 10.0.40219.1
Project("{FAE04EC0-301F-11D3-BF4B-00C04F79EFBC}") = "TareasMVC", "TareasMVC\TareasMVC.csproj", "{C0333742-0B35-4B6B-B2C7-4A455DAFECBF}"
EndProject
Global
	GlobalSection(SolutionConfigurationPlatforms) = preSolution
		Debug|Any CPU = Debug|Any CPU
		Release|Any CPU = Release|Any CPU
	EndGlobalSection
	GlobalSection(ProjectConfigurationPlatforms) = postSolution
		{C0333742-0B35-4B6B-B2C7-4A455DAFECBF}.Debug|Any CPU.ActiveCfg = Debug|Any CPU
		{C0333742-0B35-4B6B-B2C7-4A455DAFECBF}.Debug|Any CPU.Build.0 = Debug|Any CPU
		{C0333742-0B35-4B6B-B2C7-4A455DAFECBF}.Release|Any CPU.ActiveCfg = Release|Any CPU
		{C0333742-0B35-4B6B-B2C7-4A455DAFECBF}.Release|Any CPU.Build.0 = Release|Any CPU
	EndGlobalSection
	GlobalSection(SolutionProperties) = preSolution
		HideSolutionNode = FALSE
	EndGlobalSection
	GlobalSection(ExtensibilityGlobals) = postSolution
		SolutionGuid = {D3E8D4B2-CB36-44AF-97E8-958C35CF006F}
	EndGlobalSection
EndGlobal
